
Microsoft Visual Studio Solution File, Format Version 12.00
# Visual Studio Version 17
VisualStudioVersion = 17.4.33213.308
MinimumVisualStudioVersion = 10.0.40219.1
Project("{9A19103F-16F7-4668-BE54-9A1E7A4F7556}") = "ChallangeApp", "ChallangeApp\ChallangeApp.csproj", "{37756285-6F80-4ECD-8608-1D0F37866DD9}"
EndProject
Project("{FAE04EC0-301F-11D3-BF4B-00C04F79EFBC}") = "ChallengeApp.Tests", "ChallengeApp.Tests\ChallengeApp.Tests.csproj", "{2173D803-B7D5-4498-BCAD-DEB3852725BA}"
EndProject
Global
	GlobalSection(SolutionConfigurationPlatforms) = preSolution
		Debug|Any CPU = Debug|Any CPU
		Release|Any CPU = Release|Any CPU
	EndGlobalSection
	GlobalSection(ProjectConfigurationPlatforms) = postSolution
		{37756285-6F80-4ECD-8608-1D0F37866DD9}.Debug|Any CPU.ActiveCfg = Debug|Any CPU
		{37756285-6F80-4ECD-8608-1D0F37866DD9}.Debug|Any CPU.Build.0 = Debug|Any CPU
		{37756285-6F80-4ECD-8608-1D0F37866DD9}.Release|Any CPU.ActiveCfg = Release|Any CPU
		{37756285-6F80-4ECD-8608-1D0F37866DD9}.Release|Any CPU.Build.0 = Release|Any CPU
		{2173D803-B7D5-4498-BCAD-DEB3852725BA}.Debug|Any CPU.ActiveCfg = Debug|Any CPU
		{2173D803-B7D5-4498-BCAD-DEB3852725BA}.Debug|Any CPU.Build.0 = Debug|Any CPU
		{2173D803-B7D5-4498-BCAD-DEB3852725BA}.Release|Any CPU.ActiveCfg = Release|Any CPU
		{2173D803-B7D5-4498-BCAD-DEB3852725BA}.Release|Any CPU.Build.0 = Release|Any CPU
	EndGlobalSection
	GlobalSection(SolutionProperties) = preSolution
		HideSolutionNode = FALSE
	EndGlobalSection
	GlobalSection(ExtensibilityGlobals) = postSolution
		SolutionGuid = {EEC41E28-533F-479B-91F4-DCC8A2AFE068}
	EndGlobalSection
EndGlobal
